
Microsoft Visual Studio Solution File, Format Version 12.00
# Visual Studio Version 17
VisualStudioVersion = 17.3.32811.315
MinimumVisualStudioVersion = 10.0.40219.1
Project("{9A19103F-16F7-4668-BE54-9A1E7A4F7556}") = "eonboarding", "eonboarding\eonboarding.csproj", "{83474AE5-B28C-4546-8624-77F06F67E4B8}"
EndProject
Project("{FAE04EC0-301F-11D3-BF4B-00C04F79EFBC}") = "eonboarding.DAL", "eonboarding.DAL\eonboarding.DAL.csproj", "{16311775-CE04-48BF-B422-1C3F4F6FA2FD}"
EndProject
Project("{FAE04EC0-301F-11D3-BF4B-00C04F79EFBC}") = "eonboarding.Services", "eonboarding.Services\eonboarding.Services.csproj", "{3F238D3B-99F4-4376-89D7-1539A71F12EC}"
EndProject
Project("{FAE04EC0-301F-11D3-BF4B-00C04F79EFBC}") = "eonboarding.Models", "eonboarding.Models\eonboarding.Models.csproj", "{D1FBAED7-B387-4072-9034-90D524EA3690}"
EndProject
Global
	GlobalSection(SolutionConfigurationPlatforms) = preSolution
		Debug|Any CPU = Debug|Any CPU
		Release|Any CPU = Release|Any CPU
	EndGlobalSection
	GlobalSection(ProjectConfigurationPlatforms) = postSolution
		{83474AE5-B28C-4546-8624-77F06F67E4B8}.Debug|Any CPU.ActiveCfg = Debug|Any CPU
		{83474AE5-B28C-4546-8624-77F06F67E4B8}.Debug|Any CPU.Build.0 = Debug|Any CPU
		{83474AE5-B28C-4546-8624-77F06F67E4B8}.Release|Any CPU.ActiveCfg = Release|Any CPU
		{83474AE5-B28C-4546-8624-77F06F67E4B8}.Release|Any CPU.Build.0 = Release|Any CPU
		{16311775-CE04-48BF-B422-1C3F4F6FA2FD}.Debug|Any CPU.ActiveCfg = Debug|Any CPU
		{16311775-CE04-48BF-B422-1C3F4F6FA2FD}.Debug|Any CPU.Build.0 = Debug|Any CPU
		{16311775-CE04-48BF-B422-1C3F4F6FA2FD}.Release|Any CPU.ActiveCfg = Release|Any CPU
		{16311775-CE04-48BF-B422-1C3F4F6FA2FD}.Release|Any CPU.Build.0 = Release|Any CPU
		{3F238D3B-99F4-4376-89D7-1539A71F12EC}.Debug|Any CPU.ActiveCfg = Debug|Any CPU
		{3F238D3B-99F4-4376-89D7-1539A71F12EC}.Debug|Any CPU.Build.0 = Debug|Any CPU
		{3F238D3B-99F4-4376-89D7-1539A71F12EC}.Release|Any CPU.ActiveCfg = Release|Any CPU
		{3F238D3B-99F4-4376-89D7-1539A71F12EC}.Release|Any CPU.Build.0 = Release|Any CPU
		{D1FBAED7-B387-4072-9034-90D524EA3690}.Debug|Any CPU.ActiveCfg = Debug|Any CPU
		{D1FBAED7-B387-4072-9034-90D524EA3690}.Debug|Any CPU.Build.0 = Debug|Any CPU
		{D1FBAED7-B387-4072-9034-90D524EA3690}.Release|Any CPU.ActiveCfg = Release|Any CPU
		{D1FBAED7-B387-4072-9034-90D524EA3690}.Release|Any CPU.Build.0 = Release|Any CPU
	EndGlobalSection
	GlobalSection(SolutionProperties) = preSolution
		HideSolutionNode = FALSE
	EndGlobalSection
	GlobalSection(ExtensibilityGlobals) = postSolution
		SolutionGuid = {5F58F24D-B1CA-4B34-B863-211E40D7CF2D}
	EndGlobalSection
EndGlobal
